{
  "name": "Typescript",
  "version": "1.0.0",
  "lockfileVersion": 1,
  "requires": true,
  "dependencies": {
    "@types/node": {
      "version": "12.7.3",
      "resolved": "https://registry.npm.taobao.org/@types/node/download/@types/node-12.7.3.tgz",
      "integrity": "sha1-J7P0Ct2vL1gEWf20BSImhVQvkHo="
    }
  }
}
